// !$*UTF8*$!
{
	archiveVersion = 1;
	classes = {
	};
	objectVersion = 56;
	objects = {

/* Begin PBXBuildFile section */
		5E11A2792AE149C900E626C8 /* Tab+Content.swift in Sources */ = {isa = PBXBuildFile; fileRef = 5E11A2782AE149C900E626C8 /* Tab+Content.swift */; };
		5E3A068B2ADFCD49009381A5 /* Tab+Header+Item.swift in Sources */ = {isa = PBXBuildFile; fileRef = 5E3A068A2ADFCD49009381A5 /* Tab+Header+Item.swift */; };
		5E3A068D2ADFCD66009381A5 /* Tab+Header+Item+VM.swift in Sources */ = {isa = PBXBuildFile; fileRef = 5E3A068C2ADFCD66009381A5 /* Tab+Header+Item+VM.swift */; };
		5E3A068F2ADFCD6C009381A5 /* Tab+Header+Item+View.swift in Sources */ = {isa = PBXBuildFile; fileRef = 5E3A068E2ADFCD6C009381A5 /* Tab+Header+Item+View.swift */; };
		5E3A07172AE00DCB009381A5 /* FavIcon in Frameworks */ = {isa = PBXBuildFile; productRef = 5E3A07162AE00DCB009381A5 /* FavIcon */; };
		5E45599C2AD9625700186BA6 /* Controls+SearchBar.swift in Sources */ = {isa = PBXBuildFile; fileRef = 5E45599B2AD9625700186BA6 /* Controls+SearchBar.swift */; };
		5E45599E2AD9629200186BA6 /* Controls+SearchBar+VM.swift in Sources */ = {isa = PBXBuildFile; fileRef = 5E45599D2AD9629200186BA6 /* Controls+SearchBar+VM.swift */; };
		5E4559A02AD9629700186BA6 /* Controls+SearchBar+View.swift in Sources */ = {isa = PBXBuildFile; fileRef = 5E45599F2AD9629700186BA6 /* Controls+SearchBar+View.swift */; };
		5E49D6A72ADED2260002F1FF /* Tab+Header.swift in Sources */ = {isa = PBXBuildFile; fileRef = 5E49D6A62ADED2260002F1FF /* Tab+Header.swift */; };
		5E49D6A92ADED26E0002F1FF /* Tab+Header+View.swift in Sources */ = {isa = PBXBuildFile; fileRef = 5E49D6A82ADED26E0002F1FF /* Tab+Header+View.swift */; };
		5E49D6AB2ADED2750002F1FF /* Tab+Header+VM.swift in Sources */ = {isa = PBXBuildFile; fileRef = 5E49D6AA2ADED2750002F1FF /* Tab+Header+VM.swift */; };
		5E8FDE692AD302F8003A69FC /* FrontendApp.swift in Sources */ = {isa = PBXBuildFile; fileRef = 5E8FDE682AD302F8003A69FC /* FrontendApp.swift */; };
		5E8FDE6D2AD302FA003A69FC /* Assets.xcassets in Resources */ = {isa = PBXBuildFile; fileRef = 5E8FDE6C2AD302FA003A69FC /* Assets.xcassets */; };
		5E8FDE702AD302FA003A69FC /* Preview Assets.xcassets in Resources */ = {isa = PBXBuildFile; fileRef = 5E8FDE6F2AD302FA003A69FC /* Preview Assets.xcassets */; };
		5E8FDE7B2AD302FB003A69FC /* FrontendTests.swift in Sources */ = {isa = PBXBuildFile; fileRef = 5E8FDE7A2AD302FB003A69FC /* FrontendTests.swift */; };
		5E8FDE852AD302FB003A69FC /* FrontendUITests.swift in Sources */ = {isa = PBXBuildFile; fileRef = 5E8FDE842AD302FB003A69FC /* FrontendUITests.swift */; };
		5E8FDE872AD302FB003A69FC /* FrontendUITestsLaunchTests.swift in Sources */ = {isa = PBXBuildFile; fileRef = 5E8FDE862AD302FB003A69FC /* FrontendUITestsLaunchTests.swift */; };
		5E8FDE942AD3038C003A69FC /* Swinject in Frameworks */ = {isa = PBXBuildFile; productRef = 5E8FDE932AD3038C003A69FC /* Swinject */; };
		5E8FDE962AD3038C003A69FC /* CombineExt in Frameworks */ = {isa = PBXBuildFile; productRef = 5E8FDE952AD3038C003A69FC /* CombineExt */; };
		5E94C4712AD82A1D007017A9 /* Controls+Button.swift in Sources */ = {isa = PBXBuildFile; fileRef = 5E94C46D2AD82A1D007017A9 /* Controls+Button.swift */; };
		5E94C4722AD82A1D007017A9 /* Controls+Button+Assets.swift in Sources */ = {isa = PBXBuildFile; fileRef = 5E94C46E2AD82A1D007017A9 /* Controls+Button+Assets.swift */; };
		5E94C4732AD82A1D007017A9 /* Controls+Button+VM.swift in Sources */ = {isa = PBXBuildFile; fileRef = 5E94C46F2AD82A1D007017A9 /* Controls+Button+VM.swift */; };
		5E94C4742AD82A1D007017A9 /* Controls+Button+View.swift in Sources */ = {isa = PBXBuildFile; fileRef = 5E94C4702AD82A1D007017A9 /* Controls+Button+View.swift */; };
		5EA4CCC02AD435A400BCEA38 /* Optionals+Auxiliary.swift in Sources */ = {isa = PBXBuildFile; fileRef = 5EA4CCA72AD435A400BCEA38 /* Optionals+Auxiliary.swift */; };
		5EA4CCC12AD435A400BCEA38 /* Combine+AnyScheduler.swift in Sources */ = {isa = PBXBuildFile; fileRef = 5EA4CCA92AD435A400BCEA38 /* Combine+AnyScheduler.swift */; };
		5EA4CCC22AD435A400BCEA38 /* Combine+Publisher+Auxiliary.swift in Sources */ = {isa = PBXBuildFile; fileRef = 5EA4CCAA2AD435A400BCEA38 /* Combine+Publisher+Auxiliary.swift */; };
		5EA4CCC32AD435A400BCEA38 /* Scheduler+Extension.swift in Sources */ = {isa = PBXBuildFile; fileRef = 5EA4CCAB2AD435A400BCEA38 /* Scheduler+Extension.swift */; };
		5EA4CCC42AD435A400BCEA38 /* Publishers+Timer.swift in Sources */ = {isa = PBXBuildFile; fileRef = 5EA4CCAC2AD435A400BCEA38 /* Publishers+Timer.swift */; };
		5EA4CCC62AD435A400BCEA38 /* Logger+Auxiliary.swift in Sources */ = {isa = PBXBuildFile; fileRef = 5EA4CCAE2AD435A400BCEA38 /* Logger+Auxiliary.swift */; };
		5EA4CCCA2AD435A400BCEA38 /* Swinject+Auxiliary.swift in Sources */ = {isa = PBXBuildFile; fileRef = 5EA4CCB22AD435A400BCEA38 /* Swinject+Auxiliary.swift */; };
		5EA4CCCC2AD435A400BCEA38 /* SwiftUI+PreviewProvider.swift in Sources */ = {isa = PBXBuildFile; fileRef = 5EA4CCB52AD435A400BCEA38 /* SwiftUI+PreviewProvider.swift */; };
		5EA4CCDA2AD44BAF00BCEA38 /* Utilities+UnfairLock.swift in Sources */ = {isa = PBXBuildFile; fileRef = 5EA4CCD62AD44BAF00BCEA38 /* Utilities+UnfairLock.swift */; };
		5EA4CCDB2AD44BAF00BCEA38 /* Utilities.swift in Sources */ = {isa = PBXBuildFile; fileRef = 5EA4CCD72AD44BAF00BCEA38 /* Utilities.swift */; };
		5EA4CCDD2AD44BAF00BCEA38 /* Utilities+Localization.swift in Sources */ = {isa = PBXBuildFile; fileRef = 5EA4CCD92AD44BAF00BCEA38 /* Utilities+Localization.swift */; };
		5EB431AB2AD80C5F00643FB5 /* Controls.swift in Sources */ = {isa = PBXBuildFile; fileRef = 5EB431AA2AD80C5F00643FB5 /* Controls.swift */; };
		5EB431AD2AD80C6D00643FB5 /* Controls+WebView.swift in Sources */ = {isa = PBXBuildFile; fileRef = 5EB431AC2AD80C6D00643FB5 /* Controls+WebView.swift */; };
		5EB431B02AD80C7F00643FB5 /* Controls+WebView+VM.swift in Sources */ = {isa = PBXBuildFile; fileRef = 5EB431AF2AD80C7F00643FB5 /* Controls+WebView+VM.swift */; };
		5EB431B42AD80D0A00643FB5 /* Controls+WebView+View.swift in Sources */ = {isa = PBXBuildFile; fileRef = 5EB431B32AD80D0A00643FB5 /* Controls+WebView+View.swift */; };
		5EB431BD2AD80EF500643FB5 /* Tab+Content+Assets.swift in Sources */ = {isa = PBXBuildFile; fileRef = 5EB431B62AD80EF400643FB5 /* Tab+Content+Assets.swift */; };
		5EB431BE2AD80EF500643FB5 /* Tab+Content+Model+Impl.swift in Sources */ = {isa = PBXBuildFile; fileRef = 5EB431B72AD80EF400643FB5 /* Tab+Content+Model+Impl.swift */; };
		5EB431BF2AD80EF500643FB5 /* Tab+Content+VM+Impl.swift in Sources */ = {isa = PBXBuildFile; fileRef = 5EB431B82AD80EF400643FB5 /* Tab+Content+VM+Impl.swift */; };
		5EB431C02AD80EF500643FB5 /* Tab+Content+View.swift in Sources */ = {isa = PBXBuildFile; fileRef = 5EB431B92AD80EF400643FB5 /* Tab+Content+View.swift */; };
		5EB431C12AD80EF500643FB5 /* Tab+Content+VM.swift in Sources */ = {isa = PBXBuildFile; fileRef = 5EB431BA2AD80EF400643FB5 /* Tab+Content+VM.swift */; };
		5EB431C22AD80EF500643FB5 /* Tab+Content+Model.swift in Sources */ = {isa = PBXBuildFile; fileRef = 5EB431BB2AD80EF400643FB5 /* Tab+Content+Model.swift */; };
		5EB431C32AD80EF500643FB5 /* Tab.swift in Sources */ = {isa = PBXBuildFile; fileRef = 5EB431BC2AD80EF400643FB5 /* Tab.swift */; };
		5EB431CB2AD812A800643FB5 /* Controls+WebView+View+Impl.swift in Sources */ = {isa = PBXBuildFile; fileRef = 5EB431CA2AD812A800643FB5 /* Controls+WebView+View+Impl.swift */; };
		5EC322E52AD5705300820156 /* Window+VM.swift in Sources */ = {isa = PBXBuildFile; fileRef = 5EC322DE2AD5705300820156 /* Window+VM.swift */; };
		5EC322E62AD5705300820156 /* Window+Model+Impl.swift in Sources */ = {isa = PBXBuildFile; fileRef = 5EC322DF2AD5705300820156 /* Window+Model+Impl.swift */; };
		5EC322E72AD5705300820156 /* Window.swift in Sources */ = {isa = PBXBuildFile; fileRef = 5EC322E02AD5705300820156 /* Window.swift */; };
		5EC322E82AD5705300820156 /* Window+Assets.swift in Sources */ = {isa = PBXBuildFile; fileRef = 5EC322E12AD5705300820156 /* Window+Assets.swift */; };
		5EC322E92AD5705300820156 /* Window+VM+Impl.swift in Sources */ = {isa = PBXBuildFile; fileRef = 5EC322E22AD5705300820156 /* Window+VM+Impl.swift */; };
		5EC322EA2AD5705300820156 /* Window+Model.swift in Sources */ = {isa = PBXBuildFile; fileRef = 5EC322E32AD5705300820156 /* Window+Model.swift */; };
		5EC322EB2AD5705300820156 /* Window+View.swift in Sources */ = {isa = PBXBuildFile; fileRef = 5EC322E42AD5705300820156 /* Window+View.swift */; };
		5EE3BF232AD4559B00F072F7 /* Root+Model+Impl.swift in Sources */ = {isa = PBXBuildFile; fileRef = 5EE3BF1C2AD4559B00F072F7 /* Root+Model+Impl.swift */; };
		5EE3BF242AD4559B00F072F7 /* Root+VM+Impl.swift in Sources */ = {isa = PBXBuildFile; fileRef = 5EE3BF1D2AD4559B00F072F7 /* Root+VM+Impl.swift */; };
		5EE3BF252AD4559B00F072F7 /* Root+Assets.swift in Sources */ = {isa = PBXBuildFile; fileRef = 5EE3BF1E2AD4559B00F072F7 /* Root+Assets.swift */; };
		5EE3BF262AD4559B00F072F7 /* Root.swift in Sources */ = {isa = PBXBuildFile; fileRef = 5EE3BF1F2AD4559B00F072F7 /* Root.swift */; };
		5EE3BF272AD4559B00F072F7 /* Root+VM.swift in Sources */ = {isa = PBXBuildFile; fileRef = 5EE3BF202AD4559B00F072F7 /* Root+VM.swift */; };
		5EE3BF282AD4559B00F072F7 /* Root+Model.swift in Sources */ = {isa = PBXBuildFile; fileRef = 5EE3BF212AD4559B00F072F7 /* Root+Model.swift */; };
		5EE3BF292AD4559B00F072F7 /* Root+View.swift in Sources */ = {isa = PBXBuildFile; fileRef = 5EE3BF222AD4559B00F072F7 /* Root+View.swift */; };
/* End PBXBuildFile section */

/* Begin PBXContainerItemProxy section */
		5E8FDE772AD302FB003A69FC /* PBXContainerItemProxy */ = {
			isa = PBXContainerItemProxy;
			containerPortal = 5EA3BEAA2AD2F059003A831D /* Project object */;
			proxyType = 1;
			remoteGlobalIDString = 5E8FDE652AD302F8003A69FC;
			remoteInfo = Frontend;
		};
		5E8FDE812AD302FB003A69FC /* PBXContainerItemProxy */ = {
			isa = PBXContainerItemProxy;
			containerPortal = 5EA3BEAA2AD2F059003A831D /* Project object */;
			proxyType = 1;
			remoteGlobalIDString = 5E8FDE652AD302F8003A69FC;
			remoteInfo = Frontend;
		};
/* End PBXContainerItemProxy section */

/* Begin PBXFileReference section */
		5E11A2782AE149C900E626C8 /* Tab+Content.swift */ = {isa = PBXFileReference; lastKnownFileType = sourcecode.swift; path = "Tab+Content.swift"; sourceTree = "<group>"; };
		5E3A068A2ADFCD49009381A5 /* Tab+Header+Item.swift */ = {isa = PBXFileReference; lastKnownFileType = sourcecode.swift; path = "Tab+Header+Item.swift"; sourceTree = "<group>"; };
		5E3A068C2ADFCD66009381A5 /* Tab+Header+Item+VM.swift */ = {isa = PBXFileReference; lastKnownFileType = sourcecode.swift; path = "Tab+Header+Item+VM.swift"; sourceTree = "<group>"; };
		5E3A068E2ADFCD6C009381A5 /* Tab+Header+Item+View.swift */ = {isa = PBXFileReference; lastKnownFileType = sourcecode.swift; path = "Tab+Header+Item+View.swift"; sourceTree = "<group>"; };
		5E45599B2AD9625700186BA6 /* Controls+SearchBar.swift */ = {isa = PBXFileReference; lastKnownFileType = sourcecode.swift; path = "Controls+SearchBar.swift"; sourceTree = "<group>"; };
		5E45599D2AD9629200186BA6 /* Controls+SearchBar+VM.swift */ = {isa = PBXFileReference; lastKnownFileType = sourcecode.swift; path = "Controls+SearchBar+VM.swift"; sourceTree = "<group>"; };
		5E45599F2AD9629700186BA6 /* Controls+SearchBar+View.swift */ = {isa = PBXFileReference; lastKnownFileType = sourcecode.swift; path = "Controls+SearchBar+View.swift"; sourceTree = "<group>"; };
		5E49D6A62ADED2260002F1FF /* Tab+Header.swift */ = {isa = PBXFileReference; lastKnownFileType = sourcecode.swift; path = "Tab+Header.swift"; sourceTree = "<group>"; };
		5E49D6A82ADED26E0002F1FF /* Tab+Header+View.swift */ = {isa = PBXFileReference; lastKnownFileType = sourcecode.swift; path = "Tab+Header+View.swift"; sourceTree = "<group>"; };
		5E49D6AA2ADED2750002F1FF /* Tab+Header+VM.swift */ = {isa = PBXFileReference; lastKnownFileType = sourcecode.swift; path = "Tab+Header+VM.swift"; sourceTree = "<group>"; };
		5E8FDE662AD302F8003A69FC /* Frontend.app */ = {isa = PBXFileReference; explicitFileType = wrapper.application; includeInIndex = 0; path = Frontend.app; sourceTree = BUILT_PRODUCTS_DIR; };
		5E8FDE682AD302F8003A69FC /* FrontendApp.swift */ = {isa = PBXFileReference; lastKnownFileType = sourcecode.swift; path = FrontendApp.swift; sourceTree = "<group>"; };
		5E8FDE6C2AD302FA003A69FC /* Assets.xcassets */ = {isa = PBXFileReference; lastKnownFileType = folder.assetcatalog; path = Assets.xcassets; sourceTree = "<group>"; };
		5E8FDE6F2AD302FA003A69FC /* Preview Assets.xcassets */ = {isa = PBXFileReference; lastKnownFileType = folder.assetcatalog; path = "Preview Assets.xcassets"; sourceTree = "<group>"; };
		5E8FDE712AD302FA003A69FC /* Frontend.entitlements */ = {isa = PBXFileReference; lastKnownFileType = text.plist.entitlements; path = Frontend.entitlements; sourceTree = "<group>"; };
		5E8FDE762AD302FB003A69FC /* FrontendTests.xctest */ = {isa = PBXFileReference; explicitFileType = wrapper.cfbundle; includeInIndex = 0; path = FrontendTests.xctest; sourceTree = BUILT_PRODUCTS_DIR; };
		5E8FDE7A2AD302FB003A69FC /* FrontendTests.swift */ = {isa = PBXFileReference; lastKnownFileType = sourcecode.swift; path = FrontendTests.swift; sourceTree = "<group>"; };
		5E8FDE802AD302FB003A69FC /* FrontendUITests.xctest */ = {isa = PBXFileReference; explicitFileType = wrapper.cfbundle; includeInIndex = 0; path = FrontendUITests.xctest; sourceTree = BUILT_PRODUCTS_DIR; };
		5E8FDE842AD302FB003A69FC /* FrontendUITests.swift */ = {isa = PBXFileReference; lastKnownFileType = sourcecode.swift; path = FrontendUITests.swift; sourceTree = "<group>"; };
		5E8FDE862AD302FB003A69FC /* FrontendUITestsLaunchTests.swift */ = {isa = PBXFileReference; lastKnownFileType = sourcecode.swift; path = FrontendUITestsLaunchTests.swift; sourceTree = "<group>"; };
		5E94C46D2AD82A1D007017A9 /* Controls+Button.swift */ = {isa = PBXFileReference; fileEncoding = 4; lastKnownFileType = sourcecode.swift; path = "Controls+Button.swift"; sourceTree = "<group>"; };
		5E94C46E2AD82A1D007017A9 /* Controls+Button+Assets.swift */ = {isa = PBXFileReference; fileEncoding = 4; lastKnownFileType = sourcecode.swift; path = "Controls+Button+Assets.swift"; sourceTree = "<group>"; };
		5E94C46F2AD82A1D007017A9 /* Controls+Button+VM.swift */ = {isa = PBXFileReference; fileEncoding = 4; lastKnownFileType = sourcecode.swift; path = "Controls+Button+VM.swift"; sourceTree = "<group>"; };
		5E94C4702AD82A1D007017A9 /* Controls+Button+View.swift */ = {isa = PBXFileReference; fileEncoding = 4; lastKnownFileType = sourcecode.swift; path = "Controls+Button+View.swift"; sourceTree = "<group>"; };
		5EA4CCA72AD435A400BCEA38 /* Optionals+Auxiliary.swift */ = {isa = PBXFileReference; fileEncoding = 4; lastKnownFileType = sourcecode.swift; path = "Optionals+Auxiliary.swift"; sourceTree = "<group>"; };
		5EA4CCA92AD435A400BCEA38 /* Combine+AnyScheduler.swift */ = {isa = PBXFileReference; fileEncoding = 4; lastKnownFileType = sourcecode.swift; path = "Combine+AnyScheduler.swift"; sourceTree = "<group>"; };
		5EA4CCAA2AD435A400BCEA38 /* Combine+Publisher+Auxiliary.swift */ = {isa = PBXFileReference; fileEncoding = 4; lastKnownFileType = sourcecode.swift; path = "Combine+Publisher+Auxiliary.swift"; sourceTree = "<group>"; };
		5EA4CCAB2AD435A400BCEA38 /* Scheduler+Extension.swift */ = {isa = PBXFileReference; fileEncoding = 4; lastKnownFileType = sourcecode.swift; path = "Scheduler+Extension.swift"; sourceTree = "<group>"; };
		5EA4CCAC2AD435A400BCEA38 /* Publishers+Timer.swift */ = {isa = PBXFileReference; fileEncoding = 4; lastKnownFileType = sourcecode.swift; path = "Publishers+Timer.swift"; sourceTree = "<group>"; };
		5EA4CCAE2AD435A400BCEA38 /* Logger+Auxiliary.swift */ = {isa = PBXFileReference; fileEncoding = 4; lastKnownFileType = sourcecode.swift; path = "Logger+Auxiliary.swift"; sourceTree = "<group>"; };
		5EA4CCB22AD435A400BCEA38 /* Swinject+Auxiliary.swift */ = {isa = PBXFileReference; fileEncoding = 4; lastKnownFileType = sourcecode.swift; path = "Swinject+Auxiliary.swift"; sourceTree = "<group>"; };
		5EA4CCB52AD435A400BCEA38 /* SwiftUI+PreviewProvider.swift */ = {isa = PBXFileReference; fileEncoding = 4; lastKnownFileType = sourcecode.swift; path = "SwiftUI+PreviewProvider.swift"; sourceTree = "<group>"; };
		5EA4CCD62AD44BAF00BCEA38 /* Utilities+UnfairLock.swift */ = {isa = PBXFileReference; fileEncoding = 4; lastKnownFileType = sourcecode.swift; path = "Utilities+UnfairLock.swift"; sourceTree = "<group>"; };
		5EA4CCD72AD44BAF00BCEA38 /* Utilities.swift */ = {isa = PBXFileReference; fileEncoding = 4; lastKnownFileType = sourcecode.swift; path = Utilities.swift; sourceTree = "<group>"; };
		5EA4CCD92AD44BAF00BCEA38 /* Utilities+Localization.swift */ = {isa = PBXFileReference; fileEncoding = 4; lastKnownFileType = sourcecode.swift; path = "Utilities+Localization.swift"; sourceTree = "<group>"; };
		5EB431AA2AD80C5F00643FB5 /* Controls.swift */ = {isa = PBXFileReference; lastKnownFileType = sourcecode.swift; path = Controls.swift; sourceTree = "<group>"; };
		5EB431AC2AD80C6D00643FB5 /* Controls+WebView.swift */ = {isa = PBXFileReference; lastKnownFileType = sourcecode.swift; path = "Controls+WebView.swift"; sourceTree = "<group>"; };
		5EB431AF2AD80C7F00643FB5 /* Controls+WebView+VM.swift */ = {isa = PBXFileReference; lastKnownFileType = sourcecode.swift; path = "Controls+WebView+VM.swift"; sourceTree = "<group>"; };
		5EB431B32AD80D0A00643FB5 /* Controls+WebView+View.swift */ = {isa = PBXFileReference; lastKnownFileType = sourcecode.swift; path = "Controls+WebView+View.swift"; sourceTree = "<group>"; };
		5EB431B62AD80EF400643FB5 /* Tab+Content+Assets.swift */ = {isa = PBXFileReference; fileEncoding = 4; lastKnownFileType = sourcecode.swift; path = "Tab+Content+Assets.swift"; sourceTree = "<group>"; };
		5EB431B72AD80EF400643FB5 /* Tab+Content+Model+Impl.swift */ = {isa = PBXFileReference; fileEncoding = 4; lastKnownFileType = sourcecode.swift; path = "Tab+Content+Model+Impl.swift"; sourceTree = "<group>"; };
		5EB431B82AD80EF400643FB5 /* Tab+Content+VM+Impl.swift */ = {isa = PBXFileReference; fileEncoding = 4; lastKnownFileType = sourcecode.swift; path = "Tab+Content+VM+Impl.swift"; sourceTree = "<group>"; };
		5EB431B92AD80EF400643FB5 /* Tab+Content+View.swift */ = {isa = PBXFileReference; fileEncoding = 4; lastKnownFileType = sourcecode.swift; path = "Tab+Content+View.swift"; sourceTree = "<group>"; };
		5EB431BA2AD80EF400643FB5 /* Tab+Content+VM.swift */ = {isa = PBXFileReference; fileEncoding = 4; lastKnownFileType = sourcecode.swift; path = "Tab+Content+VM.swift"; sourceTree = "<group>"; };
		5EB431BB2AD80EF400643FB5 /* Tab+Content+Model.swift */ = {isa = PBXFileReference; fileEncoding = 4; lastKnownFileType = sourcecode.swift; path = "Tab+Content+Model.swift"; sourceTree = "<group>"; };
		5EB431BC2AD80EF400643FB5 /* Tab.swift */ = {isa = PBXFileReference; fileEncoding = 4; lastKnownFileType = sourcecode.swift; path = Tab.swift; sourceTree = "<group>"; };
		5EB431CA2AD812A800643FB5 /* Controls+WebView+View+Impl.swift */ = {isa = PBXFileReference; lastKnownFileType = sourcecode.swift; path = "Controls+WebView+View+Impl.swift"; sourceTree = "<group>"; };
		5EC322DE2AD5705300820156 /* Window+VM.swift */ = {isa = PBXFileReference; fileEncoding = 4; lastKnownFileType = sourcecode.swift; path = "Window+VM.swift"; sourceTree = "<group>"; };
		5EC322DF2AD5705300820156 /* Window+Model+Impl.swift */ = {isa = PBXFileReference; fileEncoding = 4; lastKnownFileType = sourcecode.swift; path = "Window+Model+Impl.swift"; sourceTree = "<group>"; };
		5EC322E02AD5705300820156 /* Window.swift */ = {isa = PBXFileReference; fileEncoding = 4; lastKnownFileType = sourcecode.swift; path = Window.swift; sourceTree = "<group>"; };
		5EC322E12AD5705300820156 /* Window+Assets.swift */ = {isa = PBXFileReference; fileEncoding = 4; lastKnownFileType = sourcecode.swift; path = "Window+Assets.swift"; sourceTree = "<group>"; };
		5EC322E22AD5705300820156 /* Window+VM+Impl.swift */ = {isa = PBXFileReference; fileEncoding = 4; lastKnownFileType = sourcecode.swift; path = "Window+VM+Impl.swift"; sourceTree = "<group>"; };
		5EC322E32AD5705300820156 /* Window+Model.swift */ = {isa = PBXFileReference; fileEncoding = 4; lastKnownFileType = sourcecode.swift; path = "Window+Model.swift"; sourceTree = "<group>"; };
		5EC322E42AD5705300820156 /* Window+View.swift */ = {isa = PBXFileReference; fileEncoding = 4; lastKnownFileType = sourcecode.swift; path = "Window+View.swift"; sourceTree = "<group>"; };
		5EE3BF1C2AD4559B00F072F7 /* Root+Model+Impl.swift */ = {isa = PBXFileReference; fileEncoding = 4; lastKnownFileType = sourcecode.swift; path = "Root+Model+Impl.swift"; sourceTree = "<group>"; };
		5EE3BF1D2AD4559B00F072F7 /* Root+VM+Impl.swift */ = {isa = PBXFileReference; fileEncoding = 4; lastKnownFileType = sourcecode.swift; path = "Root+VM+Impl.swift"; sourceTree = "<group>"; };
		5EE3BF1E2AD4559B00F072F7 /* Root+Assets.swift */ = {isa = PBXFileReference; fileEncoding = 4; lastKnownFileType = sourcecode.swift; path = "Root+Assets.swift"; sourceTree = "<group>"; };
		5EE3BF1F2AD4559B00F072F7 /* Root.swift */ = {isa = PBXFileReference; fileEncoding = 4; lastKnownFileType = sourcecode.swift; path = Root.swift; sourceTree = "<group>"; };
		5EE3BF202AD4559B00F072F7 /* Root+VM.swift */ = {isa = PBXFileReference; fileEncoding = 4; lastKnownFileType = sourcecode.swift; path = "Root+VM.swift"; sourceTree = "<group>"; };
		5EE3BF212AD4559B00F072F7 /* Root+Model.swift */ = {isa = PBXFileReference; fileEncoding = 4; lastKnownFileType = sourcecode.swift; path = "Root+Model.swift"; sourceTree = "<group>"; };
		5EE3BF222AD4559B00F072F7 /* Root+View.swift */ = {isa = PBXFileReference; fileEncoding = 4; lastKnownFileType = sourcecode.swift; path = "Root+View.swift"; sourceTree = "<group>"; };
/* End PBXFileReference section */

/* Begin PBXFrameworksBuildPhase section */
		5E8FDE632AD302F8003A69FC /* Frameworks */ = {
			isa = PBXFrameworksBuildPhase;
			buildActionMask = 2147483647;
			files = (
				5E3A07172AE00DCB009381A5 /* FavIcon in Frameworks */,
				5E8FDE962AD3038C003A69FC /* CombineExt in Frameworks */,
				5E8FDE942AD3038C003A69FC /* Swinject in Frameworks */,
			);
			runOnlyForDeploymentPostprocessing = 0;
		};
		5E8FDE732AD302FB003A69FC /* Frameworks */ = {
			isa = PBXFrameworksBuildPhase;
			buildActionMask = 2147483647;
			files = (
			);
			runOnlyForDeploymentPostprocessing = 0;
		};
		5E8FDE7D2AD302FB003A69FC /* Frameworks */ = {
			isa = PBXFrameworksBuildPhase;
			buildActionMask = 2147483647;
			files = (
			);
			runOnlyForDeploymentPostprocessing = 0;
		};
/* End PBXFrameworksBuildPhase section */

/* Begin PBXGroup section */
		5E11A27A2AE149DC00E626C8 /* Content */ = {
			isa = PBXGroup;
			children = (
				5E11A2782AE149C900E626C8 /* Tab+Content.swift */,
				5EB431B62AD80EF400643FB5 /* Tab+Content+Assets.swift */,
				5EB431BB2AD80EF400643FB5 /* Tab+Content+Model.swift */,
				5EB431B72AD80EF400643FB5 /* Tab+Content+Model+Impl.swift */,
				5EB431B92AD80EF400643FB5 /* Tab+Content+View.swift */,
				5EB431BA2AD80EF400643FB5 /* Tab+Content+VM.swift */,
				5EB431B82AD80EF400643FB5 /* Tab+Content+VM+Impl.swift */,
			);
			path = Content;
			sourceTree = "<group>";
		};
		5E11A27B2AE14CB900E626C8 /* Header */ = {
			isa = PBXGroup;
			children = (
				5E49D6A62ADED2260002F1FF /* Tab+Header.swift */,
				5E49D6A82ADED26E0002F1FF /* Tab+Header+View.swift */,
				5E49D6AA2ADED2750002F1FF /* Tab+Header+VM.swift */,
				5E3A06892ADFCD39009381A5 /* Item */,
			);
			path = Header;
			sourceTree = "<group>";
		};
		5E3A06892ADFCD39009381A5 /* Item */ = {
			isa = PBXGroup;
			children = (
				5E3A068A2ADFCD49009381A5 /* Tab+Header+Item.swift */,
				5E3A068E2ADFCD6C009381A5 /* Tab+Header+Item+View.swift */,
				5E3A068C2ADFCD66009381A5 /* Tab+Header+Item+VM.swift */,
			);
			path = Item;
			sourceTree = "<group>";
		};
		5E45599A2AD9624500186BA6 /* SearchBar */ = {
			isa = PBXGroup;
			children = (
				5E45599B2AD9625700186BA6 /* Controls+SearchBar.swift */,
				5E45599D2AD9629200186BA6 /* Controls+SearchBar+VM.swift */,
				5E45599F2AD9629700186BA6 /* Controls+SearchBar+View.swift */,
			);
			path = SearchBar;
			sourceTree = "<group>";
		};
		5E8FDE672AD302F8003A69FC /* Frontend */ = {
			isa = PBXGroup;
			children = (
				5E8FDE712AD302FA003A69FC /* Frontend.entitlements */,
				5E8FDE682AD302F8003A69FC /* FrontendApp.swift */,
				5E8FDE6C2AD302FA003A69FC /* Assets.xcassets */,
				5EB431A92AD80C4F00643FB5 /* Controls */,
				5EA4CCA62AD435A400BCEA38 /* Extensions */,
				5E8FDE6E2AD302FA003A69FC /* Preview Content */,
				5EE3BF1B2AD4559B00F072F7 /* Root */,
				5EB431B52AD80EF400643FB5 /* Tab */,
				5EA4CCD52AD44BAF00BCEA38 /* Utilities */,
				5EC322DD2AD5705300820156 /* Window */,
			);
			path = Frontend;
			sourceTree = "<group>";
		};
		5E8FDE6E2AD302FA003A69FC /* Preview Content */ = {
			isa = PBXGroup;
			children = (
				5E8FDE6F2AD302FA003A69FC /* Preview Assets.xcassets */,
			);
			path = "Preview Content";
			sourceTree = "<group>";
		};
		5E8FDE792AD302FB003A69FC /* FrontendTests */ = {
			isa = PBXGroup;
			children = (
				5E8FDE7A2AD302FB003A69FC /* FrontendTests.swift */,
			);
			path = FrontendTests;
			sourceTree = "<group>";
		};
		5E8FDE832AD302FB003A69FC /* FrontendUITests */ = {
			isa = PBXGroup;
			children = (
				5E8FDE842AD302FB003A69FC /* FrontendUITests.swift */,
				5E8FDE862AD302FB003A69FC /* FrontendUITestsLaunchTests.swift */,
			);
			path = FrontendUITests;
			sourceTree = "<group>";
		};
		5E8FDE922AD3038C003A69FC /* Frameworks */ = {
			isa = PBXGroup;
			children = (
			);
			name = Frameworks;
			sourceTree = "<group>";
		};
		5E94C4692AD829BE007017A9 /* Button */ = {
			isa = PBXGroup;
			children = (
				5E94C46D2AD82A1D007017A9 /* Controls+Button.swift */,
				5E94C46E2AD82A1D007017A9 /* Controls+Button+Assets.swift */,
				5E94C4702AD82A1D007017A9 /* Controls+Button+View.swift */,
				5E94C46F2AD82A1D007017A9 /* Controls+Button+VM.swift */,
			);
			path = Button;
			sourceTree = "<group>";
		};
		5EA3BEA92AD2F059003A831D = {
			isa = PBXGroup;
			children = (
				5E8FDE672AD302F8003A69FC /* Frontend */,
				5E8FDE792AD302FB003A69FC /* FrontendTests */,
				5E8FDE832AD302FB003A69FC /* FrontendUITests */,
				5E8FDE922AD3038C003A69FC /* Frameworks */,
				5EA3BEB32AD2F059003A831D /* Products */,
			);
			sourceTree = "<group>";
		};
		5EA3BEB32AD2F059003A831D /* Products */ = {
			isa = PBXGroup;
			children = (
				5E8FDE662AD302F8003A69FC /* Frontend.app */,
				5E8FDE762AD302FB003A69FC /* FrontendTests.xctest */,
				5E8FDE802AD302FB003A69FC /* FrontendUITests.xctest */,
			);
			name = Products;
			sourceTree = "<group>";
		};
		5EA4CCA62AD435A400BCEA38 /* Extensions */ = {
			isa = PBXGroup;
			children = (
				5EA4CCAE2AD435A400BCEA38 /* Logger+Auxiliary.swift */,
				5EA4CCA72AD435A400BCEA38 /* Optionals+Auxiliary.swift */,
				5EA4CCB22AD435A400BCEA38 /* Swinject+Auxiliary.swift */,
				5EA4CCA82AD435A400BCEA38 /* Combine */,
				5EA4CCB42AD435A400BCEA38 /* SwiftUI */,
			);
			path = Extensions;
			sourceTree = "<group>";
		};
		5EA4CCA82AD435A400BCEA38 /* Combine */ = {
			isa = PBXGroup;
			children = (
				5EA4CCA92AD435A400BCEA38 /* Combine+AnyScheduler.swift */,
				5EA4CCAA2AD435A400BCEA38 /* Combine+Publisher+Auxiliary.swift */,
				5EA4CCAB2AD435A400BCEA38 /* Scheduler+Extension.swift */,
				5EA4CCAC2AD435A400BCEA38 /* Publishers+Timer.swift */,
			);
			path = Combine;
			sourceTree = "<group>";
		};
		5EA4CCB42AD435A400BCEA38 /* SwiftUI */ = {
			isa = PBXGroup;
			children = (
				5EA4CCB52AD435A400BCEA38 /* SwiftUI+PreviewProvider.swift */,
			);
			path = SwiftUI;
			sourceTree = "<group>";
		};
		5EA4CCD52AD44BAF00BCEA38 /* Utilities */ = {
			isa = PBXGroup;
			children = (
				5EA4CCD72AD44BAF00BCEA38 /* Utilities.swift */,
				5EA4CCD92AD44BAF00BCEA38 /* Utilities+Localization.swift */,
				5EA4CCD62AD44BAF00BCEA38 /* Utilities+UnfairLock.swift */,
			);
			path = Utilities;
			sourceTree = "<group>";
		};
		5EB431A92AD80C4F00643FB5 /* Controls */ = {
			isa = PBXGroup;
			children = (
				5EB431AA2AD80C5F00643FB5 /* Controls.swift */,
				5E94C4692AD829BE007017A9 /* Button */,
				5E45599A2AD9624500186BA6 /* SearchBar */,
				5EB431AE2AD80C7100643FB5 /* WebView */,
			);
			path = Controls;
			sourceTree = "<group>";
		};
		5EB431AE2AD80C7100643FB5 /* WebView */ = {
			isa = PBXGroup;
			children = (
				5EB431AC2AD80C6D00643FB5 /* Controls+WebView.swift */,
				5EB431AF2AD80C7F00643FB5 /* Controls+WebView+VM.swift */,
				5EB431B32AD80D0A00643FB5 /* Controls+WebView+View.swift */,
				5EB431CA2AD812A800643FB5 /* Controls+WebView+View+Impl.swift */,
			);
			path = WebView;
			sourceTree = "<group>";
		};
		5EB431B52AD80EF400643FB5 /* Tab */ = {
			isa = PBXGroup;
			children = (
				5EB431BC2AD80EF400643FB5 /* Tab.swift */,
				5E11A27B2AE14CB900E626C8 /* Header */,
				5E11A27A2AE149DC00E626C8 /* Content */,
			);
			path = Tab;
			sourceTree = "<group>";
		};
		5EC322DD2AD5705300820156 /* Window */ = {
			isa = PBXGroup;
			children = (
				5EC322E02AD5705300820156 /* Window.swift */,
				5EC322E12AD5705300820156 /* Window+Assets.swift */,
				5EC322E32AD5705300820156 /* Window+Model.swift */,
				5EC322DF2AD5705300820156 /* Window+Model+Impl.swift */,
				5EC322E42AD5705300820156 /* Window+View.swift */,
				5EC322DE2AD5705300820156 /* Window+VM.swift */,
				5EC322E22AD5705300820156 /* Window+VM+Impl.swift */,
			);
			path = Window;
			sourceTree = "<group>";
		};
		5EE3BF1B2AD4559B00F072F7 /* Root */ = {
			isa = PBXGroup;
			children = (
				5EE3BF1F2AD4559B00F072F7 /* Root.swift */,
				5EE3BF1E2AD4559B00F072F7 /* Root+Assets.swift */,
				5EE3BF212AD4559B00F072F7 /* Root+Model.swift */,
				5EE3BF1C2AD4559B00F072F7 /* Root+Model+Impl.swift */,
				5EE3BF222AD4559B00F072F7 /* Root+View.swift */,
				5EE3BF202AD4559B00F072F7 /* Root+VM.swift */,
				5EE3BF1D2AD4559B00F072F7 /* Root+VM+Impl.swift */,
			);
			path = Root;
			sourceTree = "<group>";
		};
/* End PBXGroup section */

/* Begin PBXNativeTarget section */
		5E8FDE652AD302F8003A69FC /* Frontend */ = {
			isa = PBXNativeTarget;
			buildConfigurationList = 5E8FDE8E2AD302FB003A69FC /* Build configuration list for PBXNativeTarget "Frontend" */;
			buildPhases = (
				5E8FDE622AD302F8003A69FC /* Sources */,
				5E8FDE632AD302F8003A69FC /* Frameworks */,
				5E8FDE642AD302F8003A69FC /* Resources */,
			);
			buildRules = (
			);
			dependencies = (
			);
			name = Frontend;
			packageProductDependencies = (
				5E8FDE932AD3038C003A69FC /* Swinject */,
				5E8FDE952AD3038C003A69FC /* CombineExt */,
				5E3A07162AE00DCB009381A5 /* FavIcon */,
			);
			productName = Frontend;
			productReference = 5E8FDE662AD302F8003A69FC /* Frontend.app */;
			productType = "com.apple.product-type.application";
		};
		5E8FDE752AD302FB003A69FC /* FrontendTests */ = {
			isa = PBXNativeTarget;
			buildConfigurationList = 5E8FDE8F2AD302FB003A69FC /* Build configuration list for PBXNativeTarget "FrontendTests" */;
			buildPhases = (
				5E8FDE722AD302FB003A69FC /* Sources */,
				5E8FDE732AD302FB003A69FC /* Frameworks */,
				5E8FDE742AD302FB003A69FC /* Resources */,
			);
			buildRules = (
			);
			dependencies = (
				5E8FDE782AD302FB003A69FC /* PBXTargetDependency */,
			);
			name = FrontendTests;
			productName = FrontendTests;
			productReference = 5E8FDE762AD302FB003A69FC /* FrontendTests.xctest */;
			productType = "com.apple.product-type.bundle.unit-test";
		};
		5E8FDE7F2AD302FB003A69FC /* FrontendUITests */ = {
			isa = PBXNativeTarget;
			buildConfigurationList = 5E8FDE902AD302FB003A69FC /* Build configuration list for PBXNativeTarget "FrontendUITests" */;
			buildPhases = (
				5E8FDE7C2AD302FB003A69FC /* Sources */,
				5E8FDE7D2AD302FB003A69FC /* Frameworks */,
				5E8FDE7E2AD302FB003A69FC /* Resources */,
			);
			buildRules = (
			);
			dependencies = (
				5E8FDE822AD302FB003A69FC /* PBXTargetDependency */,
			);
			name = FrontendUITests;
			productName = FrontendUITests;
			productReference = 5E8FDE802AD302FB003A69FC /* FrontendUITests.xctest */;
			productType = "com.apple.product-type.bundle.ui-testing";
		};
/* End PBXNativeTarget section */

/* Begin PBXProject section */
		5EA3BEAA2AD2F059003A831D /* Project object */ = {
			isa = PBXProject;
			attributes = {
				BuildIndependentTargetsInParallel = 1;
				LastSwiftUpdateCheck = 1500;
				LastUpgradeCheck = 1430;
				TargetAttributes = {
					5E8FDE652AD302F8003A69FC = {
						CreatedOnToolsVersion = 15.0;
					};
					5E8FDE752AD302FB003A69FC = {
						CreatedOnToolsVersion = 15.0;
						TestTargetID = 5E8FDE652AD302F8003A69FC;
					};
					5E8FDE7F2AD302FB003A69FC = {
						CreatedOnToolsVersion = 15.0;
						TestTargetID = 5E8FDE652AD302F8003A69FC;
					};
				};
			};
			buildConfigurationList = 5EA3BEAD2AD2F059003A831D /* Build configuration list for PBXProject "orion-assignment" */;
			compatibilityVersion = "Xcode 14.0";
			developmentRegion = en;
			hasScannedForEncodings = 0;
			knownRegions = (
				en,
				Base,
			);
			mainGroup = 5EA3BEA92AD2F059003A831D;
			packageReferences = (
				5EA3BEDA2AD2F34E003A831D /* XCRemoteSwiftPackageReference "Swinject" */,
				5EA3BEDD2AD2F375003A831D /* XCRemoteSwiftPackageReference "CombineExt" */,
				5EA3BEE02AD2F394003A831D /* XCRemoteSwiftPackageReference "Nimble" */,
				5E3A07152AE00DCB009381A5 /* XCRemoteSwiftPackageReference "FavIcon" */,
			);
			productRefGroup = 5EA3BEB32AD2F059003A831D /* Products */;
			projectDirPath = "";
			projectRoot = "";
			targets = (
				5E8FDE652AD302F8003A69FC /* Frontend */,
				5E8FDE752AD302FB003A69FC /* FrontendTests */,
				5E8FDE7F2AD302FB003A69FC /* FrontendUITests */,
			);
		};
/* End PBXProject section */

/* Begin PBXResourcesBuildPhase section */
		5E8FDE642AD302F8003A69FC /* Resources */ = {
			isa = PBXResourcesBuildPhase;
			buildActionMask = 2147483647;
			files = (
				5E8FDE702AD302FA003A69FC /* Preview Assets.xcassets in Resources */,
				5E8FDE6D2AD302FA003A69FC /* Assets.xcassets in Resources */,
			);
			runOnlyForDeploymentPostprocessing = 0;
		};
		5E8FDE742AD302FB003A69FC /* Resources */ = {
			isa = PBXResourcesBuildPhase;
			buildActionMask = 2147483647;
			files = (
			);
			runOnlyForDeploymentPostprocessing = 0;
		};
		5E8FDE7E2AD302FB003A69FC /* Resources */ = {
			isa = PBXResourcesBuildPhase;
			buildActionMask = 2147483647;
			files = (
			);
			runOnlyForDeploymentPostprocessing = 0;
		};
/* End PBXResourcesBuildPhase section */

/* Begin PBXSourcesBuildPhase section */
		5E8FDE622AD302F8003A69FC /* Sources */ = {
			isa = PBXSourcesBuildPhase;
			buildActionMask = 2147483647;
			files = (
				5E45599E2AD9629200186BA6 /* Controls+SearchBar+VM.swift in Sources */,
				5EE3BF292AD4559B00F072F7 /* Root+View.swift in Sources */,
				5EB431BD2AD80EF500643FB5 /* Tab+Content+Assets.swift in Sources */,
				5EA4CCC42AD435A400BCEA38 /* Publishers+Timer.swift in Sources */,
				5EA4CCDD2AD44BAF00BCEA38 /* Utilities+Localization.swift in Sources */,
				5EA4CCC12AD435A400BCEA38 /* Combine+AnyScheduler.swift in Sources */,
				5EB431B42AD80D0A00643FB5 /* Controls+WebView+View.swift in Sources */,
				5EC322E52AD5705300820156 /* Window+VM.swift in Sources */,
				5EB431B02AD80C7F00643FB5 /* Controls+WebView+VM.swift in Sources */,
				5EA4CCC62AD435A400BCEA38 /* Logger+Auxiliary.swift in Sources */,
				5EB431CB2AD812A800643FB5 /* Controls+WebView+View+Impl.swift in Sources */,
				5E94C4742AD82A1D007017A9 /* Controls+Button+View.swift in Sources */,
				5EB431BF2AD80EF500643FB5 /* Tab+Content+VM+Impl.swift in Sources */,
				5E94C4722AD82A1D007017A9 /* Controls+Button+Assets.swift in Sources */,
				5EE3BF242AD4559B00F072F7 /* Root+VM+Impl.swift in Sources */,
				5EC322E62AD5705300820156 /* Window+Model+Impl.swift in Sources */,
				5EE3BF232AD4559B00F072F7 /* Root+Model+Impl.swift in Sources */,
				5E3A068D2ADFCD66009381A5 /* Tab+Header+Item+VM.swift in Sources */,
				5EB431C32AD80EF500643FB5 /* Tab.swift in Sources */,
				5E4559A02AD9629700186BA6 /* Controls+SearchBar+View.swift in Sources */,
				5E8FDE692AD302F8003A69FC /* FrontendApp.swift in Sources */,
				5E11A2792AE149C900E626C8 /* Tab+Content.swift in Sources */,
				5E49D6A92ADED26E0002F1FF /* Tab+Header+View.swift in Sources */,
				5EB431C02AD80EF500643FB5 /* Tab+Content+View.swift in Sources */,
				5EC322E82AD5705300820156 /* Window+Assets.swift in Sources */,
				5EE3BF272AD4559B00F072F7 /* Root+VM.swift in Sources */,
				5EB431C22AD80EF500643FB5 /* Tab+Content+Model.swift in Sources */,
				5EA4CCC22AD435A400BCEA38 /* Combine+Publisher+Auxiliary.swift in Sources */,
				5EB431AD2AD80C6D00643FB5 /* Controls+WebView.swift in Sources */,
				5EE3BF282AD4559B00F072F7 /* Root+Model.swift in Sources */,
				5EC322EA2AD5705300820156 /* Window+Model.swift in Sources */,
				5EA4CCCC2AD435A400BCEA38 /* SwiftUI+PreviewProvider.swift in Sources */,
				5EA4CCC32AD435A400BCEA38 /* Scheduler+Extension.swift in Sources */,
				5EA4CCC02AD435A400BCEA38 /* Optionals+Auxiliary.swift in Sources */,
				5EC322EB2AD5705300820156 /* Window+View.swift in Sources */,
				5EE3BF262AD4559B00F072F7 /* Root.swift in Sources */,
				5EC322E92AD5705300820156 /* Window+VM+Impl.swift in Sources */,
				5E45599C2AD9625700186BA6 /* Controls+SearchBar.swift in Sources */,
				5EA4CCDB2AD44BAF00BCEA38 /* Utilities.swift in Sources */,
				5EB431AB2AD80C5F00643FB5 /* Controls.swift in Sources */,
				5EA4CCDA2AD44BAF00BCEA38 /* Utilities+UnfairLock.swift in Sources */,
				5EB431C12AD80EF500643FB5 /* Tab+Content+VM.swift in Sources */,
				5E94C4712AD82A1D007017A9 /* Controls+Button.swift in Sources */,
				5E49D6AB2ADED2750002F1FF /* Tab+Header+VM.swift in Sources */,
				5EE3BF252AD4559B00F072F7 /* Root+Assets.swift in Sources */,
				5E3A068B2ADFCD49009381A5 /* Tab+Header+Item.swift in Sources */,
				5E94C4732AD82A1D007017A9 /* Controls+Button+VM.swift in Sources */,
				5EA4CCCA2AD435A400BCEA38 /* Swinject+Auxiliary.swift in Sources */,
				5E3A068F2ADFCD6C009381A5 /* Tab+Header+Item+View.swift in Sources */,
				5EC322E72AD5705300820156 /* Window.swift in Sources */,
				5E49D6A72ADED2260002F1FF /* Tab+Header.swift in Sources */,
				5EB431BE2AD80EF500643FB5 /* Tab+Content+Model+Impl.swift in Sources */,
			);
			runOnlyForDeploymentPostprocessing = 0;
		};
		5E8FDE722AD302FB003A69FC /* Sources */ = {
			isa = PBXSourcesBuildPhase;
			buildActionMask = 2147483647;
			files = (
				5E8FDE7B2AD302FB003A69FC /* FrontendTests.swift in Sources */,
			);
			runOnlyForDeploymentPostprocessing = 0;
		};
		5E8FDE7C2AD302FB003A69FC /* Sources */ = {
			isa = PBXSourcesBuildPhase;
			buildActionMask = 2147483647;
			files = (
				5E8FDE872AD302FB003A69FC /* FrontendUITestsLaunchTests.swift in Sources */,
				5E8FDE852AD302FB003A69FC /* FrontendUITests.swift in Sources */,
			);
			runOnlyForDeploymentPostprocessing = 0;
		};
/* End PBXSourcesBuildPhase section */

/* Begin PBXTargetDependency section */
		5E8FDE782AD302FB003A69FC /* PBXTargetDependency */ = {
			isa = PBXTargetDependency;
			target = 5E8FDE652AD302F8003A69FC /* Frontend */;
			targetProxy = 5E8FDE772AD302FB003A69FC /* PBXContainerItemProxy */;
		};
		5E8FDE822AD302FB003A69FC /* PBXTargetDependency */ = {
			isa = PBXTargetDependency;
			target = 5E8FDE652AD302F8003A69FC /* Frontend */;
			targetProxy = 5E8FDE812AD302FB003A69FC /* PBXContainerItemProxy */;
		};
/* End PBXTargetDependency section */

/* Begin XCBuildConfiguration section */
		5E8FDE882AD302FB003A69FC /* Debug */ = {
			isa = XCBuildConfiguration;
			buildSettings = {
				ASSETCATALOG_COMPILER_APPICON_NAME = AppIcon;
				ASSETCATALOG_COMPILER_GENERATE_SWIFT_ASSET_SYMBOL_EXTENSIONS = YES;
				ASSETCATALOG_COMPILER_GLOBAL_ACCENT_COLOR_NAME = AccentColor;
				CODE_SIGN_ENTITLEMENTS = Frontend/Frontend.entitlements;
				"CODE_SIGN_IDENTITY[sdk=macosx*]" = "Apple Development";
				CODE_SIGN_STYLE = Automatic;
				COMBINE_HIDPI_IMAGES = YES;
				CURRENT_PROJECT_VERSION = 1;
				DEVELOPMENT_ASSET_PATHS = "\"Frontend/Preview Content\"";
				DEVELOPMENT_TEAM = VB35WZUDUZ;
				ENABLE_HARDENED_RUNTIME = YES;
				ENABLE_PREVIEWS = YES;
				ENABLE_USER_SCRIPT_SANDBOXING = NO;
				GCC_C_LANGUAGE_STANDARD = gnu17;
				GCC_TREAT_WARNINGS_AS_ERRORS = YES;
				GENERATE_INFOPLIST_FILE = YES;
				INFOPLIST_KEY_NSHumanReadableCopyright = "";
				LD_RUNPATH_SEARCH_PATHS = (
					"$(inherited)",
					"@executable_path/../Frameworks",
				);
				LOCALIZATION_PREFERS_STRING_CATALOGS = YES;
				MACOSX_DEPLOYMENT_TARGET = 13.0;
				MARKETING_VERSION = 1.0;
				PRODUCT_BUNDLE_IDENTIFIER = com.rkopaliani.Frontend;
				PRODUCT_NAME = "$(TARGET_NAME)";
				SWIFT_ACTIVE_COMPILATION_CONDITIONS = "DEBUG $(inherited)";
				SWIFT_EMIT_LOC_STRINGS = YES;
				SWIFT_TREAT_WARNINGS_AS_ERRORS = YES;
				SWIFT_VERSION = 5.0;
			};
			name = Debug;
		};
		5E8FDE892AD302FB003A69FC /* Release */ = {
			isa = XCBuildConfiguration;
			buildSettings = {
				ASSETCATALOG_COMPILER_APPICON_NAME = AppIcon;
				ASSETCATALOG_COMPILER_GENERATE_SWIFT_ASSET_SYMBOL_EXTENSIONS = YES;
				ASSETCATALOG_COMPILER_GLOBAL_ACCENT_COLOR_NAME = AccentColor;
				CODE_SIGN_ENTITLEMENTS = Frontend/Frontend.entitlements;
				"CODE_SIGN_IDENTITY[sdk=macosx*]" = "Apple Development";
				CODE_SIGN_STYLE = Automatic;
				COMBINE_HIDPI_IMAGES = YES;
				CURRENT_PROJECT_VERSION = 1;
				DEVELOPMENT_ASSET_PATHS = "\"Frontend/Preview Content\"";
				DEVELOPMENT_TEAM = VB35WZUDUZ;
				ENABLE_HARDENED_RUNTIME = YES;
				ENABLE_PREVIEWS = YES;
				ENABLE_USER_SCRIPT_SANDBOXING = NO;
				GCC_C_LANGUAGE_STANDARD = gnu17;
				GCC_TREAT_WARNINGS_AS_ERRORS = YES;
				GENERATE_INFOPLIST_FILE = YES;
				INFOPLIST_KEY_NSHumanReadableCopyright = "";
				LD_RUNPATH_SEARCH_PATHS = (
					"$(inherited)",
					"@executable_path/../Frameworks",
				);
				LOCALIZATION_PREFERS_STRING_CATALOGS = YES;
				MACOSX_DEPLOYMENT_TARGET = 13.0;
				MARKETING_VERSION = 1.0;
				PRODUCT_BUNDLE_IDENTIFIER = com.rkopaliani.Frontend;
				PRODUCT_NAME = "$(TARGET_NAME)";
				SWIFT_EMIT_LOC_STRINGS = YES;
				SWIFT_TREAT_WARNINGS_AS_ERRORS = YES;
				SWIFT_VERSION = 5.0;
			};
			name = Release;
		};
		5E8FDE8A2AD302FB003A69FC /* Debug */ = {
			isa = XCBuildConfiguration;
			buildSettings = {
				ALWAYS_EMBED_SWIFT_STANDARD_LIBRARIES = YES;
				ASSETCATALOG_COMPILER_GENERATE_SWIFT_ASSET_SYMBOL_EXTENSIONS = YES;
				BUNDLE_LOADER = "$(TEST_HOST)";
				CODE_SIGN_STYLE = Automatic;
				CURRENT_PROJECT_VERSION = 1;
				DEVELOPMENT_TEAM = VB35WZUDUZ;
				ENABLE_USER_SCRIPT_SANDBOXING = YES;
				GCC_C_LANGUAGE_STANDARD = gnu17;
				GENERATE_INFOPLIST_FILE = YES;
				LOCALIZATION_PREFERS_STRING_CATALOGS = YES;
				MACOSX_DEPLOYMENT_TARGET = 13.0;
				MARKETING_VERSION = 1.0;
				PRODUCT_BUNDLE_IDENTIFIER = com.rkopaliani.FrontendTests;
				PRODUCT_NAME = "$(TARGET_NAME)";
				SWIFT_ACTIVE_COMPILATION_CONDITIONS = "DEBUG $(inherited)";
				SWIFT_EMIT_LOC_STRINGS = NO;
				SWIFT_VERSION = 5.0;
				TEST_HOST = "$(BUILT_PRODUCTS_DIR)/Frontend.app/$(BUNDLE_EXECUTABLE_FOLDER_PATH)/Frontend";
			};
			name = Debug;
		};
		5E8FDE8B2AD302FB003A69FC /* Release */ = {
			isa = XCBuildConfiguration;
			buildSettings = {
				ALWAYS_EMBED_SWIFT_STANDARD_LIBRARIES = YES;
				ASSETCATALOG_COMPILER_GENERATE_SWIFT_ASSET_SYMBOL_EXTENSIONS = YES;
				BUNDLE_LOADER = "$(TEST_HOST)";
				CODE_SIGN_STYLE = Automatic;
				CURRENT_PROJECT_VERSION = 1;
				DEVELOPMENT_TEAM = VB35WZUDUZ;
				ENABLE_USER_SCRIPT_SANDBOXING = YES;
				GCC_C_LANGUAGE_STANDARD = gnu17;
				GENERATE_INFOPLIST_FILE = YES;
				LOCALIZATION_PREFERS_STRING_CATALOGS = YES;
				MACOSX_DEPLOYMENT_TARGET = 13.0;
				MARKETING_VERSION = 1.0;
				PRODUCT_BUNDLE_IDENTIFIER = com.rkopaliani.FrontendTests;
				PRODUCT_NAME = "$(TARGET_NAME)";
				SWIFT_EMIT_LOC_STRINGS = NO;
				SWIFT_VERSION = 5.0;
				TEST_HOST = "$(BUILT_PRODUCTS_DIR)/Frontend.app/$(BUNDLE_EXECUTABLE_FOLDER_PATH)/Frontend";
			};
			name = Release;
		};
		5E8FDE8C2AD302FB003A69FC /* Debug */ = {
			isa = XCBuildConfiguration;
			buildSettings = {
				ALWAYS_EMBED_SWIFT_STANDARD_LIBRARIES = YES;
				ASSETCATALOG_COMPILER_GENERATE_SWIFT_ASSET_SYMBOL_EXTENSIONS = YES;
				CODE_SIGN_STYLE = Automatic;
				CURRENT_PROJECT_VERSION = 1;
				DEVELOPMENT_TEAM = VB35WZUDUZ;
				ENABLE_USER_SCRIPT_SANDBOXING = YES;
				GCC_C_LANGUAGE_STANDARD = gnu17;
				GENERATE_INFOPLIST_FILE = YES;
				LOCALIZATION_PREFERS_STRING_CATALOGS = YES;
				MACOSX_DEPLOYMENT_TARGET = 13.0;
				MARKETING_VERSION = 1.0;
				PRODUCT_BUNDLE_IDENTIFIER = com.rkopaliani.FrontendUITests;
				PRODUCT_NAME = "$(TARGET_NAME)";
				SWIFT_ACTIVE_COMPILATION_CONDITIONS = "DEBUG $(inherited)";
				SWIFT_EMIT_LOC_STRINGS = NO;
				SWIFT_VERSION = 5.0;
				TEST_TARGET_NAME = Frontend;
			};
			name = Debug;
		};
		5E8FDE8D2AD302FB003A69FC /* Release */ = {
			isa = XCBuildConfiguration;
			buildSettings = {
				ALWAYS_EMBED_SWIFT_STANDARD_LIBRARIES = YES;
				ASSETCATALOG_COMPILER_GENERATE_SWIFT_ASSET_SYMBOL_EXTENSIONS = YES;
				CODE_SIGN_STYLE = Automatic;
				CURRENT_PROJECT_VERSION = 1;
				DEVELOPMENT_TEAM = VB35WZUDUZ;
				ENABLE_USER_SCRIPT_SANDBOXING = YES;
				GCC_C_LANGUAGE_STANDARD = gnu17;
				GENERATE_INFOPLIST_FILE = YES;
				LOCALIZATION_PREFERS_STRING_CATALOGS = YES;
				MACOSX_DEPLOYMENT_TARGET = 13.0;
				MARKETING_VERSION = 1.0;
				PRODUCT_BUNDLE_IDENTIFIER = com.rkopaliani.FrontendUITests;
				PRODUCT_NAME = "$(TARGET_NAME)";
				SWIFT_EMIT_LOC_STRINGS = NO;
				SWIFT_VERSION = 5.0;
				TEST_TARGET_NAME = Frontend;
			};
			name = Release;
		};
		5EA3BEBF2AD2F05B003A831D /* Debug */ = {
			isa = XCBuildConfiguration;
			buildSettings = {
				ALWAYS_SEARCH_USER_PATHS = NO;
				CLANG_ANALYZER_NONNULL = YES;
				CLANG_ANALYZER_NUMBER_OBJECT_CONVERSION = YES_AGGRESSIVE;
				CLANG_CXX_LANGUAGE_STANDARD = "gnu++20";
				CLANG_ENABLE_MODULES = YES;
				CLANG_ENABLE_OBJC_ARC = YES;
				CLANG_ENABLE_OBJC_WEAK = YES;
				CLANG_WARN_BLOCK_CAPTURE_AUTORELEASING = YES;
				CLANG_WARN_BOOL_CONVERSION = YES;
				CLANG_WARN_COMMA = YES;
				CLANG_WARN_CONSTANT_CONVERSION = YES;
				CLANG_WARN_DEPRECATED_OBJC_IMPLEMENTATIONS = YES;
				CLANG_WARN_DIRECT_OBJC_ISA_USAGE = YES_ERROR;
				CLANG_WARN_DOCUMENTATION_COMMENTS = YES;
				CLANG_WARN_EMPTY_BODY = YES;
				CLANG_WARN_ENUM_CONVERSION = YES;
				CLANG_WARN_INFINITE_RECURSION = YES;
				CLANG_WARN_INT_CONVERSION = YES;
				CLANG_WARN_NON_LITERAL_NULL_CONVERSION = YES;
				CLANG_WARN_OBJC_IMPLICIT_RETAIN_SELF = YES;
				CLANG_WARN_OBJC_LITERAL_CONVERSION = YES;
				CLANG_WARN_OBJC_ROOT_CLASS = YES_ERROR;
				CLANG_WARN_QUOTED_INCLUDE_IN_FRAMEWORK_HEADER = YES;
				CLANG_WARN_RANGE_LOOP_ANALYSIS = YES;
				CLANG_WARN_STRICT_PROTOTYPES = YES;
				CLANG_WARN_SUSPICIOUS_MOVE = YES;
				CLANG_WARN_UNGUARDED_AVAILABILITY = YES_AGGRESSIVE;
				CLANG_WARN_UNREACHABLE_CODE = YES;
				CLANG_WARN__DUPLICATE_METHOD_MATCH = YES;
				COPY_PHASE_STRIP = NO;
				DEBUG_INFORMATION_FORMAT = dwarf;
				ENABLE_STRICT_OBJC_MSGSEND = YES;
				ENABLE_TESTABILITY = YES;
				GCC_C_LANGUAGE_STANDARD = gnu11;
				GCC_DYNAMIC_NO_PIC = NO;
				GCC_NO_COMMON_BLOCKS = YES;
				GCC_OPTIMIZATION_LEVEL = 0;
				GCC_PREPROCESSOR_DEFINITIONS = (
					"DEBUG=1",
					"$(inherited)",
				);
				GCC_WARN_64_TO_32_BIT_CONVERSION = YES;
				GCC_WARN_ABOUT_RETURN_TYPE = YES_ERROR;
				GCC_WARN_UNDECLARED_SELECTOR = YES;
				GCC_WARN_UNINITIALIZED_AUTOS = YES_AGGRESSIVE;
				GCC_WARN_UNUSED_FUNCTION = YES;
				GCC_WARN_UNUSED_VARIABLE = YES;
				MACOSX_DEPLOYMENT_TARGET = 13.0;
				MTL_ENABLE_DEBUG_INFO = INCLUDE_SOURCE;
				MTL_FAST_MATH = YES;
				ONLY_ACTIVE_ARCH = YES;
				SDKROOT = macosx;
				SWIFT_ACTIVE_COMPILATION_CONDITIONS = DEBUG;
				SWIFT_OPTIMIZATION_LEVEL = "-Onone";
			};
			name = Debug;
		};
		5EA3BEC02AD2F05B003A831D /* Release */ = {
			isa = XCBuildConfiguration;
			buildSettings = {
				ALWAYS_SEARCH_USER_PATHS = NO;
				CLANG_ANALYZER_NONNULL = YES;
				CLANG_ANALYZER_NUMBER_OBJECT_CONVERSION = YES_AGGRESSIVE;
				CLANG_CXX_LANGUAGE_STANDARD = "gnu++20";
				CLANG_ENABLE_MODULES = YES;
				CLANG_ENABLE_OBJC_ARC = YES;
				CLANG_ENABLE_OBJC_WEAK = YES;
				CLANG_WARN_BLOCK_CAPTURE_AUTORELEASING = YES;
				CLANG_WARN_BOOL_CONVERSION = YES;
				CLANG_WARN_COMMA = YES;
				CLANG_WARN_CONSTANT_CONVERSION = YES;
				CLANG_WARN_DEPRECATED_OBJC_IMPLEMENTATIONS = YES;
				CLANG_WARN_DIRECT_OBJC_ISA_USAGE = YES_ERROR;
				CLANG_WARN_DOCUMENTATION_COMMENTS = YES;
				CLANG_WARN_EMPTY_BODY = YES;
				CLANG_WARN_ENUM_CONVERSION = YES;
				CLANG_WARN_INFINITE_RECURSION = YES;
				CLANG_WARN_INT_CONVERSION = YES;
				CLANG_WARN_NON_LITERAL_NULL_CONVERSION = YES;
				CLANG_WARN_OBJC_IMPLICIT_RETAIN_SELF = YES;
				CLANG_WARN_OBJC_LITERAL_CONVERSION = YES;
				CLANG_WARN_OBJC_ROOT_CLASS = YES_ERROR;
				CLANG_WARN_QUOTED_INCLUDE_IN_FRAMEWORK_HEADER = YES;
				CLANG_WARN_RANGE_LOOP_ANALYSIS = YES;
				CLANG_WARN_STRICT_PROTOTYPES = YES;
				CLANG_WARN_SUSPICIOUS_MOVE = YES;
				CLANG_WARN_UNGUARDED_AVAILABILITY = YES_AGGRESSIVE;
				CLANG_WARN_UNREACHABLE_CODE = YES;
				CLANG_WARN__DUPLICATE_METHOD_MATCH = YES;
				COPY_PHASE_STRIP = NO;
				DEBUG_INFORMATION_FORMAT = "dwarf-with-dsym";
				ENABLE_NS_ASSERTIONS = NO;
				ENABLE_STRICT_OBJC_MSGSEND = YES;
				GCC_C_LANGUAGE_STANDARD = gnu11;
				GCC_NO_COMMON_BLOCKS = YES;
				GCC_WARN_64_TO_32_BIT_CONVERSION = YES;
				GCC_WARN_ABOUT_RETURN_TYPE = YES_ERROR;
				GCC_WARN_UNDECLARED_SELECTOR = YES;
				GCC_WARN_UNINITIALIZED_AUTOS = YES_AGGRESSIVE;
				GCC_WARN_UNUSED_FUNCTION = YES;
				GCC_WARN_UNUSED_VARIABLE = YES;
				MACOSX_DEPLOYMENT_TARGET = 13.0;
				MTL_ENABLE_DEBUG_INFO = NO;
				MTL_FAST_MATH = YES;
				SDKROOT = macosx;
				SWIFT_COMPILATION_MODE = wholemodule;
				SWIFT_OPTIMIZATION_LEVEL = "-O";
			};
			name = Release;
		};
/* End XCBuildConfiguration section */

/* Begin XCConfigurationList section */
		5E8FDE8E2AD302FB003A69FC /* Build configuration list for PBXNativeTarget "Frontend" */ = {
			isa = XCConfigurationList;
			buildConfigurations = (
				5E8FDE882AD302FB003A69FC /* Debug */,
				5E8FDE892AD302FB003A69FC /* Release */,
			);
			defaultConfigurationIsVisible = 0;
			defaultConfigurationName = Release;
		};
		5E8FDE8F2AD302FB003A69FC /* Build configuration list for PBXNativeTarget "FrontendTests" */ = {
			isa = XCConfigurationList;
			buildConfigurations = (
				5E8FDE8A2AD302FB003A69FC /* Debug */,
				5E8FDE8B2AD302FB003A69FC /* Release */,
			);
			defaultConfigurationIsVisible = 0;
			defaultConfigurationName = Release;
		};
		5E8FDE902AD302FB003A69FC /* Build configuration list for PBXNativeTarget "FrontendUITests" */ = {
			isa = XCConfigurationList;
			buildConfigurations = (
				5E8FDE8C2AD302FB003A69FC /* Debug */,
				5E8FDE8D2AD302FB003A69FC /* Release */,
			);
			defaultConfigurationIsVisible = 0;
			defaultConfigurationName = Release;
		};
		5EA3BEAD2AD2F059003A831D /* Build configuration list for PBXProject "orion-assignment" */ = {
			isa = XCConfigurationList;
			buildConfigurations = (
				5EA3BEBF2AD2F05B003A831D /* Debug */,
				5EA3BEC02AD2F05B003A831D /* Release */,
			);
			defaultConfigurationIsVisible = 0;
			defaultConfigurationName = Release;
		};
/* End XCConfigurationList section */

/* Begin XCRemoteSwiftPackageReference section */
		5E3A07152AE00DCB009381A5 /* XCRemoteSwiftPackageReference "FavIcon" */ = {
			isa = XCRemoteSwiftPackageReference;
			repositoryURL = "https://github.com/leonbreedt/FavIcon.git";
			requirement = {
				kind = upToNextMajorVersion;
				minimumVersion = 3.1.0;
			};
		};
		5EA3BEDA2AD2F34E003A831D /* XCRemoteSwiftPackageReference "Swinject" */ = {
			isa = XCRemoteSwiftPackageReference;
			repositoryURL = "https://github.com/Swinject/Swinject.git";
			requirement = {
				kind = upToNextMajorVersion;
				minimumVersion = 2.0.0;
			};
		};
		5EA3BEDD2AD2F375003A831D /* XCRemoteSwiftPackageReference "CombineExt" */ = {
			isa = XCRemoteSwiftPackageReference;
			repositoryURL = "git@github.com:CombineCommunity/CombineExt.git";
			requirement = {
				kind = upToNextMajorVersion;
				minimumVersion = 1.0.0;
			};
		};
		5EA3BEE02AD2F394003A831D /* XCRemoteSwiftPackageReference "Nimble" */ = {
			isa = XCRemoteSwiftPackageReference;
			repositoryURL = "https://github.com/Quick/Nimble.git";
			requirement = {
				branch = main;
				kind = branch;
			};
		};
/* End XCRemoteSwiftPackageReference section */

/* Begin XCSwiftPackageProductDependency section */
		5E3A07162AE00DCB009381A5 /* FavIcon */ = {
			isa = XCSwiftPackageProductDependency;
			package = 5E3A07152AE00DCB009381A5 /* XCRemoteSwiftPackageReference "FavIcon" */;
			productName = FavIcon;
		};
		5E8FDE932AD3038C003A69FC /* Swinject */ = {
			isa = XCSwiftPackageProductDependency;
			package = 5EA3BEDA2AD2F34E003A831D /* XCRemoteSwiftPackageReference "Swinject" */;
			productName = Swinject;
		};
		5E8FDE952AD3038C003A69FC /* CombineExt */ = {
			isa = XCSwiftPackageProductDependency;
			package = 5EA3BEDD2AD2F375003A831D /* XCRemoteSwiftPackageReference "CombineExt" */;
			productName = CombineExt;
		};
/* End XCSwiftPackageProductDependency section */
	};
	rootObject = 5EA3BEAA2AD2F059003A831D /* Project object */;
}
